
Microsoft Visual Studio Solution File, Format Version 12.00
# Visual Studio Version 17
VisualStudioVersion = 17.0.31903.59
MinimumVisualStudioVersion = 10.0.40219.1
Project("{FAE04EC0-301F-11D3-BF4B-00C04F79EFBC}") = "FreteCore", "FreteCore\FreteCore.csproj", "{39DC69E0-BF41-463E-BE42-44A6D9D4ECC0}"
EndProject
Project("{FAE04EC0-301F-11D3-BF4B-00C04F79EFBC}") = "FreteCore.Tests", "FreteCore.Tests\FreteCore.Tests.csproj", "{7F63D621-9F97-4A23-B546-D76912011BC6}"
EndProject
Global
	GlobalSection(SolutionConfigurationPlatforms) = preSolution
		Debug|Any CPU = Debug|Any CPU
		Release|Any CPU = Release|Any CPU
	EndGlobalSection
	GlobalSection(SolutionProperties) = preSolution
		HideSolutionNode = FALSE
	EndGlobalSection
	GlobalSection(ProjectConfigurationPlatforms) = postSolution
		{39DC69E0-BF41-463E-BE42-44A6D9D4ECC0}.Debug|Any CPU.ActiveCfg = Debug|Any CPU
		{39DC69E0-BF41-463E-BE42-44A6D9D4ECC0}.Debug|Any CPU.Build.0 = Debug|Any CPU
		{39DC69E0-BF41-463E-BE42-44A6D9D4ECC0}.Release|Any CPU.ActiveCfg = Release|Any CPU
		{39DC69E0-BF41-463E-BE42-44A6D9D4ECC0}.Release|Any CPU.Build.0 = Release|Any CPU
		{7F63D621-9F97-4A23-B546-D76912011BC6}.Debug|Any CPU.ActiveCfg = Debug|Any CPU
		{7F63D621-9F97-4A23-B546-D76912011BC6}.Debug|Any CPU.Build.0 = Debug|Any CPU
		{7F63D621-9F97-4A23-B546-D76912011BC6}.Release|Any CPU.ActiveCfg = Release|Any CPU
		{7F63D621-9F97-4A23-B546-D76912011BC6}.Release|Any CPU.Build.0 = Release|Any CPU
	EndGlobalSection
EndGlobal
